
Microsoft Visual Studio Solution File, Format Version 12.00
# Visual Studio 2012
Project("{FAE04EC0-301F-11D3-BF4B-00C04F79EFBC}") = "Shinto.EntityModel", "Shinto.EntityModel\Shinto.EntityModel.csproj", "{3B28F371-0FF8-4241-8148-781B50818CD3}"
EndProject
Project("{2150E333-8FDC-42A3-9474-1A3956D46DE8}") = "Tests", "Tests", "{D67628CC-5734-4917-9B0E-C98ED7F909D0}"
EndProject
Project("{FAE04EC0-301F-11D3-BF4B-00C04F79EFBC}") = "AcousticAudio.EntityModel", "Tests\AcousticAudio.EntityModel\AcousticAudio.EntityModel.csproj", "{12BF8609-4B40-4DD9-9DAF-687E5AFD3449}"
EndProject
Project("{FAE04EC0-301F-11D3-BF4B-00C04F79EFBC}") = "Shinto.Entities", "Shinto.Entities\Shinto.Entities.csproj", "{A55E434E-E013-4DE8-AD1C-79248EFDD743}"
EndProject
Project("{FAE04EC0-301F-11D3-BF4B-00C04F79EFBC}") = "Shinto", "Shinto\Shinto.csproj", "{76C369F7-A2B0-4943-9A8A-3B0590343268}"
EndProject
Project("{FAE04EC0-301F-11D3-BF4B-00C04F79EFBC}") = "EntitiesTests", "Tests\EntitiesTests\EntitiesTests.csproj", "{EDFED1CD-98BA-4B82-AB30-6813E25E4946}"
EndProject
Project("{FAE04EC0-301F-11D3-BF4B-00C04F79EFBC}") = "Shinto.PresentationModel", "Shinto.PresentationModel\Shinto.PresentationModel.csproj", "{25AE49C3-49FB-4962-BBEA-D51E45C2413B}"
EndProject
Project("{FAE04EC0-301F-11D3-BF4B-00C04F79EFBC}") = "PresentationModelTests", "Tests\PresentationModelTests\PresentationModelTests.csproj", "{FC0E36E1-B1A9-4CD5-8791-C3838C431971}"
EndProject
Global
	GlobalSection(SolutionConfigurationPlatforms) = preSolution
		Debug|Any CPU = Debug|Any CPU
		Release|Any CPU = Release|Any CPU
	EndGlobalSection
	GlobalSection(ProjectConfigurationPlatforms) = postSolution
		{3B28F371-0FF8-4241-8148-781B50818CD3}.Debug|Any CPU.ActiveCfg = Debug|Any CPU
		{3B28F371-0FF8-4241-8148-781B50818CD3}.Debug|Any CPU.Build.0 = Debug|Any CPU
		{3B28F371-0FF8-4241-8148-781B50818CD3}.Release|Any CPU.ActiveCfg = Release|Any CPU
		{3B28F371-0FF8-4241-8148-781B50818CD3}.Release|Any CPU.Build.0 = Release|Any CPU
		{12BF8609-4B40-4DD9-9DAF-687E5AFD3449}.Debug|Any CPU.ActiveCfg = Debug|Any CPU
		{12BF8609-4B40-4DD9-9DAF-687E5AFD3449}.Debug|Any CPU.Build.0 = Debug|Any CPU
		{12BF8609-4B40-4DD9-9DAF-687E5AFD3449}.Release|Any CPU.ActiveCfg = Release|Any CPU
		{12BF8609-4B40-4DD9-9DAF-687E5AFD3449}.Release|Any CPU.Build.0 = Release|Any CPU
		{A55E434E-E013-4DE8-AD1C-79248EFDD743}.Debug|Any CPU.ActiveCfg = Debug|Any CPU
		{A55E434E-E013-4DE8-AD1C-79248EFDD743}.Debug|Any CPU.Build.0 = Debug|Any CPU
		{A55E434E-E013-4DE8-AD1C-79248EFDD743}.Release|Any CPU.ActiveCfg = Release|Any CPU
		{A55E434E-E013-4DE8-AD1C-79248EFDD743}.Release|Any CPU.Build.0 = Release|Any CPU
		{76C369F7-A2B0-4943-9A8A-3B0590343268}.Debug|Any CPU.ActiveCfg = Debug|Any CPU
		{76C369F7-A2B0-4943-9A8A-3B0590343268}.Debug|Any CPU.Build.0 = Debug|Any CPU
		{76C369F7-A2B0-4943-9A8A-3B0590343268}.Release|Any CPU.ActiveCfg = Release|Any CPU
		{76C369F7-A2B0-4943-9A8A-3B0590343268}.Release|Any CPU.Build.0 = Release|Any CPU
		{EDFED1CD-98BA-4B82-AB30-6813E25E4946}.Debug|Any CPU.ActiveCfg = Debug|Any CPU
		{EDFED1CD-98BA-4B82-AB30-6813E25E4946}.Debug|Any CPU.Build.0 = Debug|Any CPU
		{EDFED1CD-98BA-4B82-AB30-6813E25E4946}.Release|Any CPU.ActiveCfg = Release|Any CPU
		{EDFED1CD-98BA-4B82-AB30-6813E25E4946}.Release|Any CPU.Build.0 = Release|Any CPU
		{25AE49C3-49FB-4962-BBEA-D51E45C2413B}.Debug|Any CPU.ActiveCfg = Debug|Any CPU
		{25AE49C3-49FB-4962-BBEA-D51E45C2413B}.Debug|Any CPU.Build.0 = Debug|Any CPU
		{25AE49C3-49FB-4962-BBEA-D51E45C2413B}.Release|Any CPU.ActiveCfg = Release|Any CPU
		{25AE49C3-49FB-4962-BBEA-D51E45C2413B}.Release|Any CPU.Build.0 = Release|Any CPU
		{FC0E36E1-B1A9-4CD5-8791-C3838C431971}.Debug|Any CPU.ActiveCfg = Debug|Any CPU
		{FC0E36E1-B1A9-4CD5-8791-C3838C431971}.Debug|Any CPU.Build.0 = Debug|Any CPU
		{FC0E36E1-B1A9-4CD5-8791-C3838C431971}.Release|Any CPU.ActiveCfg = Release|Any CPU
		{FC0E36E1-B1A9-4CD5-8791-C3838C431971}.Release|Any CPU.Build.0 = Release|Any CPU
	EndGlobalSection
	GlobalSection(SolutionProperties) = preSolution
		HideSolutionNode = FALSE
	EndGlobalSection
	GlobalSection(NestedProjects) = preSolution
		{12BF8609-4B40-4DD9-9DAF-687E5AFD3449} = {D67628CC-5734-4917-9B0E-C98ED7F909D0}
		{EDFED1CD-98BA-4B82-AB30-6813E25E4946} = {D67628CC-5734-4917-9B0E-C98ED7F909D0}
		{FC0E36E1-B1A9-4CD5-8791-C3838C431971} = {D67628CC-5734-4917-9B0E-C98ED7F909D0}
	EndGlobalSection
EndGlobal
